// !$*UTF8*$!
{
	archiveVersion = 1;
	classes = {
	};
	objectVersion = 48;
	objects = {

/* Begin PBXBuildFile section */
		2DCC581F201778FF00311991 /* AppDelegate.swift in Sources */ = {isa = PBXBuildFile; fileRef = 2DCC581E201778FF00311991 /* AppDelegate.swift */; };
		2DCC5821201778FF00311991 /* ViewController.swift in Sources */ = {isa = PBXBuildFile; fileRef = 2DCC5820201778FF00311991 /* ViewController.swift */; };
		2DCC5823201778FF00311991 /* Assets.xcassets in Resources */ = {isa = PBXBuildFile; fileRef = 2DCC5822201778FF00311991 /* Assets.xcassets */; };
		2DCC5826201778FF00311991 /* Main.storyboard in Resources */ = {isa = PBXBuildFile; fileRef = 2DCC5824201778FF00311991 /* Main.storyboard */; };
		2DCC582F2017791B00311991 /* Sampler.swift in Sources */ = {isa = PBXBuildFile; fileRef = 2DCC582E2017791B00311991 /* Sampler.swift */; };
		2DCC583120177D6100311991 /* d5.wav in Resources */ = {isa = PBXBuildFile; fileRef = 2DCC583020177D6100311991 /* d5.wav */; };
/* End PBXBuildFile section */

/* Begin PBXFileReference section */
		2DCC581B201778FF00311991 /* Sampler.app */ = {isa = PBXFileReference; explicitFileType = wrapper.application; includeInIndex = 0; path = Sampler.app; sourceTree = BUILT_PRODUCTS_DIR; };
		2DCC581E201778FF00311991 /* AppDelegate.swift */ = {isa = PBXFileReference; lastKnownFileType = sourcecode.swift; path = AppDelegate.swift; sourceTree = "<group>"; };
		2DCC5820201778FF00311991 /* ViewController.swift */ = {isa = PBXFileReference; lastKnownFileType = sourcecode.swift; path = ViewController.swift; sourceTree = "<group>"; };
		2DCC5822201778FF00311991 /* Assets.xcassets */ = {isa = PBXFileReference; lastKnownFileType = folder.assetcatalog; path = Assets.xcassets; sourceTree = "<group>"; };
		2DCC5825201778FF00311991 /* Base */ = {isa = PBXFileReference; lastKnownFileType = file.storyboard; name = Base; path = Base.lproj/Main.storyboard; sourceTree = "<group>"; };
		2DCC5827201778FF00311991 /* Info.plist */ = {isa = PBXFileReference; lastKnownFileType = text.plist.xml; path = Info.plist; sourceTree = "<group>"; };
		2DCC5828201778FF00311991 /* Sampler.entitlements */ = {isa = PBXFileReference; lastKnownFileType = text.plist.entitlements; path = Sampler.entitlements; sourceTree = "<group>"; };
		2DCC582E2017791B00311991 /* Sampler.swift */ = {isa = PBXFileReference; lastKnownFileType = sourcecode.swift; path = Sampler.swift; sourceTree = "<group>"; };
		2DCC583020177D6100311991 /* d5.wav */ = {isa = PBXFileReference; lastKnownFileType = audio.wav; path = d5.wav; sourceTree = "<group>"; };
/* End PBXFileReference section */

/* Begin PBXFrameworksBuildPhase section */
		2DCC5818201778FF00311991 /* Frameworks */ = {
			isa = PBXFrameworksBuildPhase;
			buildActionMask = 2147483647;
			files = (
			);
			runOnlyForDeploymentPostprocessing = 0;
		};
/* End PBXFrameworksBuildPhase section */

/* Begin PBXGroup section */
		2DCC5812201778FF00311991 = {
			isa = PBXGroup;
			children = (
				2DCC581D201778FF00311991 /* Sampler */,
				2DCC581C201778FF00311991 /* Products */,
			);
			sourceTree = "<group>";
		};
		2DCC581C201778FF00311991 /* Products */ = {
			isa = PBXGroup;
			children = (
				2DCC581B201778FF00311991 /* Sampler.app */,
			);
			name = Products;
			sourceTree = "<group>";
		};
		2DCC581D201778FF00311991 /* Sampler */ = {
			isa = PBXGroup;
			children = (
				2DCC583020177D6100311991 /* d5.wav */,
				2DCC581E201778FF00311991 /* AppDelegate.swift */,
				2DCC5820201778FF00311991 /* ViewController.swift */,
				2DCC5822201778FF00311991 /* Assets.xcassets */,
				2DCC5824201778FF00311991 /* Main.storyboard */,
				2DCC5827201778FF00311991 /* Info.plist */,
				2DCC5828201778FF00311991 /* Sampler.entitlements */,
				2DCC582E2017791B00311991 /* Sampler.swift */,
			);
			path = Sampler;
			sourceTree = "<group>";
		};
/* End PBXGroup section */

/* Begin PBXNativeTarget section */
		2DCC581A201778FF00311991 /* Sampler */ = {
			isa = PBXNativeTarget;
			buildConfigurationList = 2DCC582B201778FF00311991 /* Build configuration list for PBXNativeTarget "Sampler" */;
			buildPhases = (
				2DCC5817201778FF00311991 /* Sources */,
				2DCC5818201778FF00311991 /* Frameworks */,
				2DCC5819201778FF00311991 /* Resources */,
			);
			buildRules = (
			);
			dependencies = (
			);
			name = Sampler;
			productName = Sampler;
			productReference = 2DCC581B201778FF00311991 /* Sampler.app */;
			productType = "com.apple.product-type.application";
		};
/* End PBXNativeTarget section */

/* Begin PBXProject section */
		2DCC5813201778FF00311991 /* Project object */ = {
			isa = PBXProject;
			attributes = {
				LastSwiftUpdateCheck = 0920;
				LastUpgradeCheck = 0920;
				ORGANIZATIONNAME = NicheMarket;
				TargetAttributes = {
					2DCC581A201778FF00311991 = {
						CreatedOnToolsVersion = 9.2;
						ProvisioningStyle = Automatic;
					};
				};
			};
			buildConfigurationList = 2DCC5816201778FF00311991 /* Build configuration list for PBXProject "Sampler" */;
			compatibilityVersion = "Xcode 8.0";
			developmentRegion = en;
			hasScannedForEncodings = 0;
			knownRegions = (
				en,
				Base,
			);
			mainGroup = 2DCC5812201778FF00311991;
			productRefGroup = 2DCC581C201778FF00311991 /* Products */;
			projectDirPath = "";
			projectRoot = "";
			targets = (
				2DCC581A201778FF00311991 /* Sampler */,
			);
		};
/* End PBXProject section */

/* Begin PBXResourcesBuildPhase section */
		2DCC5819201778FF00311991 /* Resources */ = {
			isa = PBXResourcesBuildPhase;
			buildActionMask = 2147483647;
			files = (
				2DCC5823201778FF00311991 /* Assets.xcassets in Resources */,
				2DCC583120177D6100311991 /* d5.wav in Resources */,
				2DCC5826201778FF00311991 /* Main.storyboard in Resources */,
			);
			runOnlyForDeploymentPostprocessing = 0;
		};
/* End PBXResourcesBuildPhase section */

/* Begin PBXSourcesBuildPhase section */
		2DCC5817201778FF00311991 /* Sources */ = {
			isa = PBXSourcesBuildPhase;
			buildActionMask = 2147483647;
			files = (
				2DCC5821201778FF00311991 /* ViewController.swift in Sources */,
				2DCC581F201778FF00311991 /* AppDelegate.swift in Sources */,
				2DCC582F2017791B00311991 /* Sampler.swift in Sources */,
			);
			runOnlyForDeploymentPostprocessing = 0;
		};
/* End PBXSourcesBuildPhase section */

/* Begin PBXVariantGroup section */
		2DCC5824201778FF00311991 /* Main.storyboard */ = {
			isa = PBXVariantGroup;
			children = (
				2DCC5825201778FF00311991 /* Base */,
			);
			name = Main.storyboard;
			sourceTree = "<group>";
		};
/* End PBXVariantGroup section */

/* Begin XCBuildConfiguration section */
		2DCC5829201778FF00311991 /* Debug */ = {
			isa = XCBuildConfiguration;
			buildSettings = {
				ALWAYS_SEARCH_USER_PATHS = NO;
				CLANG_ANALYZER_NONNULL = YES;
				CLANG_ANALYZER_NUMBER_OBJECT_CONVERSION = YES_AGGRESSIVE;
				CLANG_CXX_LANGUAGE_STANDARD = "gnu++14";
				CLANG_CXX_LIBRARY = "libc++";
				CLANG_ENABLE_MODULES = YES;
				CLANG_ENABLE_OBJC_ARC = YES;
				CLANG_WARN_BLOCK_CAPTURE_AUTORELEASING = YES;
				CLANG_WARN_BOOL_CONVERSION = YES;
				CLANG_WARN_COMMA = YES;
				CLANG_WARN_CONSTANT_CONVERSION = YES;
				CLANG_WARN_DIRECT_OBJC_ISA_USAGE = YES_ERROR;
				CLANG_WARN_DOCUMENTATION_COMMENTS = YES;
				CLANG_WARN_EMPTY_BODY = YES;
				CLANG_WARN_ENUM_CONVERSION = YES;
				CLANG_WARN_INFINITE_RECURSION = YES;
				CLANG_WARN_INT_CONVERSION = YES;
				CLANG_WARN_NON_LITERAL_NULL_CONVERSION = YES;
				CLANG_WARN_OBJC_LITERAL_CONVERSION = YES;
				CLANG_WARN_OBJC_ROOT_CLASS = YES_ERROR;
				CLANG_WARN_RANGE_LOOP_ANALYSIS = YES;
				CLANG_WARN_STRICT_PROTOTYPES = YES;
				CLANG_WARN_SUSPICIOUS_MOVE = YES;
				CLANG_WARN_UNGUARDED_AVAILABILITY = YES_AGGRESSIVE;
				CLANG_WARN_UNREACHABLE_CODE = YES;
				CLANG_WARN__DUPLICATE_METHOD_MATCH = YES;
				CODE_SIGN_IDENTITY = "Mac Developer";
				COPY_PHASE_STRIP = NO;
				DEBUG_INFORMATION_FORMAT = dwarf;
				ENABLE_STRICT_OBJC_MSGSEND = YES;
				ENABLE_TESTABILITY = YES;
				GCC_C_LANGUAGE_STANDARD = gnu11;
				GCC_DYNAMIC_NO_PIC = NO;
				GCC_NO_COMMON_BLOCKS = YES;
				GCC_OPTIMIZATION_LEVEL = 0;
				GCC_PREPROCESSOR_DEFINITIONS = (
					"DEBUG=1",
					"$(inherited)",
				);
				GCC_WARN_64_TO_32_BIT_CONVERSION = YES;
				GCC_WARN_ABOUT_RETURN_TYPE = YES_ERROR;
				GCC_WARN_UNDECLARED_SELECTOR = YES;
				GCC_WARN_UNINITIALIZED_AUTOS = YES_AGGRESSIVE;
				GCC_WARN_UNUSED_FUNCTION = YES;
				GCC_WARN_UNUSED_VARIABLE = YES;
				MACOSX_DEPLOYMENT_TARGET = 10.12;
				MTL_ENABLE_DEBUG_INFO = YES;
				ONLY_ACTIVE_ARCH = YES;
				SDKROOT = macosx;
				SWIFT_ACTIVE_COMPILATION_CONDITIONS = DEBUG;
				SWIFT_OPTIMIZATION_LEVEL = "-Onone";
			};
			name = Debug;
		};
		2DCC582A201778FF00311991 /* Release */ = {
			isa = XCBuildConfiguration;
			buildSettings = {
				ALWAYS_SEARCH_USER_PATHS = NO;
				CLANG_ANALYZER_NONNULL = YES;
				CLANG_ANALYZER_NUMBER_OBJECT_CONVERSION = YES_AGGRESSIVE;
				CLANG_CXX_LANGUAGE_STANDARD = "gnu++14";
				CLANG_CXX_LIBRARY = "libc++";
				CLANG_ENABLE_MODULES = YES;
				CLANG_ENABLE_OBJC_ARC = YES;
				CLANG_WARN_BLOCK_CAPTURE_AUTORELEASING = YES;
				CLANG_WARN_BOOL_CONVERSION = YES;
				CLANG_WARN_COMMA = YES;
				CLANG_WARN_CONSTANT_CONVERSION = YES;
				CLANG_WARN_DIRECT_OBJC_ISA_USAGE = YES_ERROR;
				CLANG_WARN_DOCUMENTATION_COMMENTS = YES;
				CLANG_WARN_EMPTY_BODY = YES;
				CLANG_WARN_ENUM_CONVERSION = YES;
				CLANG_WARN_INFINITE_RECURSION = YES;
				CLANG_WARN_INT_CONVERSION = YES;
				CLANG_WARN_NON_LITERAL_NULL_CONVERSION = YES;
				CLANG_WARN_OBJC_LITERAL_CONVERSION = YES;
				CLANG_WARN_OBJC_ROOT_CLASS = YES_ERROR;
				CLANG_WARN_RANGE_LOOP_ANALYSIS = YES;
				CLANG_WARN_STRICT_PROTOTYPES = YES;
				CLANG_WARN_SUSPICIOUS_MOVE = YES;
				CLANG_WARN_UNGUARDED_AVAILABILITY = YES_AGGRESSIVE;
				CLANG_WARN_UNREACHABLE_CODE = YES;
				CLANG_WARN__DUPLICATE_METHOD_MATCH = YES;
				CODE_SIGN_IDENTITY = "Mac Developer";
				COPY_PHASE_STRIP = NO;
				DEBUG_INFORMATION_FORMAT = "dwarf-with-dsym";
				ENABLE_NS_ASSERTIONS = NO;
				ENABLE_STRICT_OBJC_MSGSEND = YES;
				GCC_C_LANGUAGE_STANDARD = gnu11;
				GCC_NO_COMMON_BLOCKS = YES;
				GCC_WARN_64_TO_32_BIT_CONVERSION = YES;
				GCC_WARN_ABOUT_RETURN_TYPE = YES_ERROR;
				GCC_WARN_UNDECLARED_SELECTOR = YES;
				GCC_WARN_UNINITIALIZED_AUTOS = YES_AGGRESSIVE;
				GCC_WARN_UNUSED_FUNCTION = YES;
				GCC_WARN_UNUSED_VARIABLE = YES;
				MACOSX_DEPLOYMENT_TARGET = 10.12;
				MTL_ENABLE_DEBUG_INFO = NO;
				SDKROOT = macosx;
				SWIFT_OPTIMIZATION_LEVEL = "-Owholemodule";
			};
			name = Release;
		};
		2DCC582C201778FF00311991 /* Debug */ = {
			isa = XCBuildConfiguration;
			buildSettings = {
				ASSETCATALOG_COMPILER_APPICON_NAME = AppIcon;
				CODE_SIGN_ENTITLEMENTS = Sampler/Sampler.entitlements;
				CODE_SIGN_STYLE = Automatic;
				COMBINE_HIDPI_IMAGES = YES;
				DEVELOPMENT_TEAM = Y8N7H3Q698;
				INFOPLIST_FILE = Sampler/Info.plist;
				LD_RUNPATH_SEARCH_PATHS = "$(inherited) @executable_path/../Frameworks";
				PRODUCT_BUNDLE_IDENTIFIER = studio.nichemarket.Sampler;
				PRODUCT_NAME = "$(TARGET_NAME)";
				SWIFT_VERSION = 4.0;
			};
			name = Debug;
		};
		2DCC582D201778FF00311991 /* Release */ = {
			isa = XCBuildConfiguration;
			buildSettings = {
				ASSETCATALOG_COMPILER_APPICON_NAME = AppIcon;
				CODE_SIGN_ENTITLEMENTS = Sampler/Sampler.entitlements;
				CODE_SIGN_STYLE = Automatic;
				COMBINE_HIDPI_IMAGES = YES;
				DEVELOPMENT_TEAM = Y8N7H3Q698;
				INFOPLIST_FILE = Sampler/Info.plist;
				LD_RUNPATH_SEARCH_PATHS = "$(inherited) @executable_path/../Frameworks";
				PRODUCT_BUNDLE_IDENTIFIER = studio.nichemarket.Sampler;
				PRODUCT_NAME = "$(TARGET_NAME)";
				SWIFT_VERSION = 4.0;
			};
			name = Release;
		};
/* End XCBuildConfiguration section */

/* Begin XCConfigurationList section */
		2DCC5816201778FF00311991 /* Build configuration list for PBXProject "Sampler" */ = {
			isa = XCConfigurationList;
			buildConfigurations = (
				2DCC5829201778FF00311991 /* Debug */,
				2DCC582A201778FF00311991 /* Release */,
			);
			defaultConfigurationIsVisible = 0;
			defaultConfigurationName = Release;
		};
		2DCC582B201778FF00311991 /* Build configuration list for PBXNativeTarget "Sampler" */ = {
			isa = XCConfigurationList;
			buildConfigurations = (
				2DCC582C201778FF00311991 /* Debug */,
				2DCC582D201778FF00311991 /* Release */,
			);
			defaultConfigurationIsVisible = 0;
			defaultConfigurationName = Release;
		};
/* End XCConfigurationList section */
	};
	rootObject = 2DCC5813201778FF00311991 /* Project object */;
}
